
Microsoft Visual Studio Solution File, Format Version 12.00
# Visual Studio Version 16
VisualStudioVersion = 16.0.29806.167
MinimumVisualStudioVersion = 10.0.40219.1
Project("{9A19103F-16F7-4668-BE54-9A1E7A4F7556}") = "Toolshed.Jobs", "toolshed.jobs\Toolshed.Jobs.csproj", "{DE072FC7-3736-46F4-BDC3-215E7C4DB884}"
EndProject
Global
	GlobalSection(SolutionConfigurationPlatforms) = preSolution
		Debug|Any CPU = Debug|Any CPU
		Release|Any CPU = Release|Any CPU
	EndGlobalSection
	GlobalSection(ProjectConfigurationPlatforms) = postSolution
		{DE072FC7-3736-46F4-BDC3-215E7C4DB884}.Debug|Any CPU.ActiveCfg = Debug|Any CPU
		{DE072FC7-3736-46F4-BDC3-215E7C4DB884}.Debug|Any CPU.Build.0 = Debug|Any CPU
		{DE072FC7-3736-46F4-BDC3-215E7C4DB884}.Release|Any CPU.ActiveCfg = Release|Any CPU
		{DE072FC7-3736-46F4-BDC3-215E7C4DB884}.Release|Any CPU.Build.0 = Release|Any CPU
	EndGlobalSection
	GlobalSection(SolutionProperties) = preSolution
		HideSolutionNode = FALSE
	EndGlobalSection
	GlobalSection(ExtensibilityGlobals) = postSolution
		SolutionGuid = {83DE25D2-029E-4ADF-A876-2DC037D4094B}
	EndGlobalSection
EndGlobal
